
Microsoft Visual Studio Solution File, Format Version 12.00
# Visual Studio Version 17
VisualStudioVersion = 17.6.33829.357
MinimumVisualStudioVersion = 10.0.40219.1
Project("{FAE04EC0-301F-11D3-BF4B-00C04F79EFBC}") = "DerivWebSocketTest", "DerivWebSocketTest\DerivWebSocketTest.csproj", "{1BBD8D41-8C26-4652-A0AA-5BFA17EC0946}"
EndProject
Global
	GlobalSection(SolutionConfigurationPlatforms) = preSolution
		Debug|Any CPU = Debug|Any CPU
		Release|Any CPU = Release|Any CPU
	EndGlobalSection
	GlobalSection(ProjectConfigurationPlatforms) = postSolution
		{1BBD8D41-8C26-4652-A0AA-5BFA17EC0946}.Debug|Any CPU.ActiveCfg = Debug|Any CPU
		{1BBD8D41-8C26-4652-A0AA-5BFA17EC0946}.Debug|Any CPU.Build.0 = Debug|Any CPU
		{1BBD8D41-8C26-4652-A0AA-5BFA17EC0946}.Release|Any CPU.ActiveCfg = Release|Any CPU
		{1BBD8D41-8C26-4652-A0AA-5BFA17EC0946}.Release|Any CPU.Build.0 = Release|Any CPU
	EndGlobalSection
	GlobalSection(SolutionProperties) = preSolution
		HideSolutionNode = FALSE
	EndGlobalSection
	GlobalSection(ExtensibilityGlobals) = postSolution
		SolutionGuid = {D9979976-B06E-408D-9A31-9C10DFB9681E}
	EndGlobalSection
EndGlobal
